
Microsoft Visual Studio Solution File, Format Version 12.00
# Visual Studio 2012
Project("{FAE04EC0-301F-11D3-BF4B-00C04F79EFBC}") = "Strategy.Duck", "Strategy.Duck\Strategy.Duck.csproj", "{25F162B7-BB9D-4B70-B441-71B899818E4D}"
EndProject
Project("{FAE04EC0-301F-11D3-BF4B-00C04F79EFBC}") = "Adapter.Birds", "Adapter.Birds\Adapter.Birds.csproj", "{A1AA100A-C198-4DAE-97B3-F7BAC05CD4E9}"
EndProject
Project("{FAE04EC0-301F-11D3-BF4B-00C04F79EFBC}") = "Observer.WeatherData", "Observer.WeatherData\Observer.WeatherData.csproj", "{64762977-571A-4C20-BFE3-29F3EABD5ED4}"
EndProject
Project("{FAE04EC0-301F-11D3-BF4B-00C04F79EFBC}") = "Decorator.Starbuzz", "Decorator.Starbuzz\Decorator.Starbuzz.csproj", "{C4AB3827-380C-4363-B4D7-B94B30058BAB}"
EndProject
Project("{FAE04EC0-301F-11D3-BF4B-00C04F79EFBC}") = "Factory.PizzaStore", "Factory.PizzaStore\Factory.PizzaStore.csproj", "{FC32103B-162F-4A2C-8161-B794EB63BB61}"
EndProject
Project("{FAE04EC0-301F-11D3-BF4B-00C04F79EFBC}") = "Command.RemoteControl", "Command.RemoteControl\Command.RemoteControl.csproj", "{28C1EB86-A97B-460C-ABF1-1D3544E9E883}"
EndProject
Project("{FAE04EC0-301F-11D3-BF4B-00C04F79EFBC}") = "Facade.HomeTheater", "Facade.HomeTheater\Facade.HomeTheater.csproj", "{EA8606F6-9B11-4B34-91A6-F9DB658C5D27}"
EndProject
Project("{FAE04EC0-301F-11D3-BF4B-00C04F79EFBC}") = "TemplateMethod.CaffeineBeverage", "TemplateMethod.CaffeineBeverage\TemplateMethod.CaffeineBeverage.csproj", "{FEEB562A-4657-404D-8353-86548C7BDE4C}"
EndProject
Project("{FAE04EC0-301F-11D3-BF4B-00C04F79EFBC}") = "Strategy.Duck.Tests", "Strategy.Duck.Tests\Strategy.Duck.Tests.csproj", "{05574FA3-7BAF-4C90-989F-4A87E6A59C9D}"
EndProject
Project("{FAE04EC0-301F-11D3-BF4B-00C04F79EFBC}") = "Adapter.Birds.Tests", "Adapter.Birds.Tests\Adapter.Birds.Tests.csproj", "{70F19B9A-3624-4483-AA59-168E5362FFE4}"
EndProject
Project("{FAE04EC0-301F-11D3-BF4B-00C04F79EFBC}") = "Observer.WeatherData.Tests", "Observer.WeatherData.Tests\Observer.WeatherData.Tests.csproj", "{E1D26FCC-FD20-481F-B7E8-201AA2A8320E}"
EndProject
Project("{FAE04EC0-301F-11D3-BF4B-00C04F79EFBC}") = "Command.RemoteControl.Tests", "Command.RemoteControl.Tests\Command.RemoteControl.Tests.csproj", "{98718D6A-EA33-4D93-863A-CB897CCB0986}"
EndProject
Project("{FAE04EC0-301F-11D3-BF4B-00C04F79EFBC}") = "Decorator.Starbuzz.Tests", "Decorator.Starbuzz.Tests\Decorator.Starbuzz.Tests.csproj", "{866E09F0-A017-4435-A693-CA1F11964714}"
EndProject
Project("{FAE04EC0-301F-11D3-BF4B-00C04F79EFBC}") = "Facade.HomeTheater.Tests", "Facade.HomeTheater.Tests\Facade.HomeTheater.Tests.csproj", "{19EDC891-F7CA-487F-A2AD-A0A1F613E61E}"
EndProject
Project("{FAE04EC0-301F-11D3-BF4B-00C04F79EFBC}") = "Factory.PizzaStore.Tests", "Factory.PizzaStore.Tests\Factory.PizzaStore.Tests.csproj", "{5F16E73E-1CFE-4AD6-8455-56E39E326D65}"
EndProject
Project("{FAE04EC0-301F-11D3-BF4B-00C04F79EFBC}") = "TemplateMethod.CaffeineBeverage.Tests", "TemplateMethod.CaffeineBeverage.Tests\TemplateMethod.CaffeineBeverage.Tests.csproj", "{BA99BC47-9944-4C88-9F0C-C68070B242FF}"
EndProject
Global
	GlobalSection(SolutionConfigurationPlatforms) = preSolution
		Debug|Any CPU = Debug|Any CPU
		Release|Any CPU = Release|Any CPU
	EndGlobalSection
	GlobalSection(ProjectConfigurationPlatforms) = postSolution
		{25F162B7-BB9D-4B70-B441-71B899818E4D}.Debug|Any CPU.ActiveCfg = Debug|Any CPU
		{25F162B7-BB9D-4B70-B441-71B899818E4D}.Debug|Any CPU.Build.0 = Debug|Any CPU
		{25F162B7-BB9D-4B70-B441-71B899818E4D}.Release|Any CPU.ActiveCfg = Release|Any CPU
		{25F162B7-BB9D-4B70-B441-71B899818E4D}.Release|Any CPU.Build.0 = Release|Any CPU
		{A1AA100A-C198-4DAE-97B3-F7BAC05CD4E9}.Debug|Any CPU.ActiveCfg = Debug|Any CPU
		{A1AA100A-C198-4DAE-97B3-F7BAC05CD4E9}.Debug|Any CPU.Build.0 = Debug|Any CPU
		{A1AA100A-C198-4DAE-97B3-F7BAC05CD4E9}.Release|Any CPU.ActiveCfg = Release|Any CPU
		{A1AA100A-C198-4DAE-97B3-F7BAC05CD4E9}.Release|Any CPU.Build.0 = Release|Any CPU
		{64762977-571A-4C20-BFE3-29F3EABD5ED4}.Debug|Any CPU.ActiveCfg = Debug|Any CPU
		{64762977-571A-4C20-BFE3-29F3EABD5ED4}.Debug|Any CPU.Build.0 = Debug|Any CPU
		{64762977-571A-4C20-BFE3-29F3EABD5ED4}.Release|Any CPU.ActiveCfg = Release|Any CPU
		{64762977-571A-4C20-BFE3-29F3EABD5ED4}.Release|Any CPU.Build.0 = Release|Any CPU
		{C4AB3827-380C-4363-B4D7-B94B30058BAB}.Debug|Any CPU.ActiveCfg = Debug|Any CPU
		{C4AB3827-380C-4363-B4D7-B94B30058BAB}.Debug|Any CPU.Build.0 = Debug|Any CPU
		{C4AB3827-380C-4363-B4D7-B94B30058BAB}.Release|Any CPU.ActiveCfg = Release|Any CPU
		{C4AB3827-380C-4363-B4D7-B94B30058BAB}.Release|Any CPU.Build.0 = Release|Any CPU
		{FC32103B-162F-4A2C-8161-B794EB63BB61}.Debug|Any CPU.ActiveCfg = Debug|Any CPU
		{FC32103B-162F-4A2C-8161-B794EB63BB61}.Debug|Any CPU.Build.0 = Debug|Any CPU
		{FC32103B-162F-4A2C-8161-B794EB63BB61}.Release|Any CPU.ActiveCfg = Release|Any CPU
		{FC32103B-162F-4A2C-8161-B794EB63BB61}.Release|Any CPU.Build.0 = Release|Any CPU
		{28C1EB86-A97B-460C-ABF1-1D3544E9E883}.Debug|Any CPU.ActiveCfg = Debug|Any CPU
		{28C1EB86-A97B-460C-ABF1-1D3544E9E883}.Debug|Any CPU.Build.0 = Debug|Any CPU
		{28C1EB86-A97B-460C-ABF1-1D3544E9E883}.Release|Any CPU.ActiveCfg = Release|Any CPU
		{28C1EB86-A97B-460C-ABF1-1D3544E9E883}.Release|Any CPU.Build.0 = Release|Any CPU
		{EA8606F6-9B11-4B34-91A6-F9DB658C5D27}.Debug|Any CPU.ActiveCfg = Debug|Any CPU
		{EA8606F6-9B11-4B34-91A6-F9DB658C5D27}.Debug|Any CPU.Build.0 = Debug|Any CPU
		{EA8606F6-9B11-4B34-91A6-F9DB658C5D27}.Release|Any CPU.ActiveCfg = Release|Any CPU
		{EA8606F6-9B11-4B34-91A6-F9DB658C5D27}.Release|Any CPU.Build.0 = Release|Any CPU
		{FEEB562A-4657-404D-8353-86548C7BDE4C}.Debug|Any CPU.ActiveCfg = Debug|Any CPU
		{FEEB562A-4657-404D-8353-86548C7BDE4C}.Debug|Any CPU.Build.0 = Debug|Any CPU
		{FEEB562A-4657-404D-8353-86548C7BDE4C}.Release|Any CPU.ActiveCfg = Release|Any CPU
		{FEEB562A-4657-404D-8353-86548C7BDE4C}.Release|Any CPU.Build.0 = Release|Any CPU
		{05574FA3-7BAF-4C90-989F-4A87E6A59C9D}.Debug|Any CPU.ActiveCfg = Debug|Any CPU
		{05574FA3-7BAF-4C90-989F-4A87E6A59C9D}.Debug|Any CPU.Build.0 = Debug|Any CPU
		{05574FA3-7BAF-4C90-989F-4A87E6A59C9D}.Release|Any CPU.ActiveCfg = Release|Any CPU
		{05574FA3-7BAF-4C90-989F-4A87E6A59C9D}.Release|Any CPU.Build.0 = Release|Any CPU
		{70F19B9A-3624-4483-AA59-168E5362FFE4}.Debug|Any CPU.ActiveCfg = Debug|Any CPU
		{70F19B9A-3624-4483-AA59-168E5362FFE4}.Debug|Any CPU.Build.0 = Debug|Any CPU
		{70F19B9A-3624-4483-AA59-168E5362FFE4}.Release|Any CPU.ActiveCfg = Release|Any CPU
		{70F19B9A-3624-4483-AA59-168E5362FFE4}.Release|Any CPU.Build.0 = Release|Any CPU
		{E1D26FCC-FD20-481F-B7E8-201AA2A8320E}.Debug|Any CPU.ActiveCfg = Debug|Any CPU
		{E1D26FCC-FD20-481F-B7E8-201AA2A8320E}.Debug|Any CPU.Build.0 = Debug|Any CPU
		{E1D26FCC-FD20-481F-B7E8-201AA2A8320E}.Release|Any CPU.ActiveCfg = Release|Any CPU
		{E1D26FCC-FD20-481F-B7E8-201AA2A8320E}.Release|Any CPU.Build.0 = Release|Any CPU
		{98718D6A-EA33-4D93-863A-CB897CCB0986}.Debug|Any CPU.ActiveCfg = Debug|Any CPU
		{98718D6A-EA33-4D93-863A-CB897CCB0986}.Debug|Any CPU.Build.0 = Debug|Any CPU
		{98718D6A-EA33-4D93-863A-CB897CCB0986}.Release|Any CPU.ActiveCfg = Release|Any CPU
		{98718D6A-EA33-4D93-863A-CB897CCB0986}.Release|Any CPU.Build.0 = Release|Any CPU
		{866E09F0-A017-4435-A693-CA1F11964714}.Debug|Any CPU.ActiveCfg = Debug|Any CPU
		{866E09F0-A017-4435-A693-CA1F11964714}.Debug|Any CPU.Build.0 = Debug|Any CPU
		{866E09F0-A017-4435-A693-CA1F11964714}.Release|Any CPU.ActiveCfg = Release|Any CPU
		{866E09F0-A017-4435-A693-CA1F11964714}.Release|Any CPU.Build.0 = Release|Any CPU
		{19EDC891-F7CA-487F-A2AD-A0A1F613E61E}.Debug|Any CPU.ActiveCfg = Debug|Any CPU
		{19EDC891-F7CA-487F-A2AD-A0A1F613E61E}.Debug|Any CPU.Build.0 = Debug|Any CPU
		{19EDC891-F7CA-487F-A2AD-A0A1F613E61E}.Release|Any CPU.ActiveCfg = Release|Any CPU
		{19EDC891-F7CA-487F-A2AD-A0A1F613E61E}.Release|Any CPU.Build.0 = Release|Any CPU
		{5F16E73E-1CFE-4AD6-8455-56E39E326D65}.Debug|Any CPU.ActiveCfg = Debug|Any CPU
		{5F16E73E-1CFE-4AD6-8455-56E39E326D65}.Debug|Any CPU.Build.0 = Debug|Any CPU
		{5F16E73E-1CFE-4AD6-8455-56E39E326D65}.Release|Any CPU.ActiveCfg = Release|Any CPU
		{5F16E73E-1CFE-4AD6-8455-56E39E326D65}.Release|Any CPU.Build.0 = Release|Any CPU
		{BA99BC47-9944-4C88-9F0C-C68070B242FF}.Debug|Any CPU.ActiveCfg = Debug|Any CPU
		{BA99BC47-9944-4C88-9F0C-C68070B242FF}.Debug|Any CPU.Build.0 = Debug|Any CPU
		{BA99BC47-9944-4C88-9F0C-C68070B242FF}.Release|Any CPU.ActiveCfg = Release|Any CPU
		{BA99BC47-9944-4C88-9F0C-C68070B242FF}.Release|Any CPU.Build.0 = Release|Any CPU
	EndGlobalSection
EndGlobal
